// !$*UTF8*$!
{
	archiveVersion = 1;
	classes = {
	};
	objectVersion = 77;
	objects = {

/* Begin PBXContainerItemProxy section */
		52240BB12D24BC21001E0309 /* PBXContainerItemProxy */ = {
			isa = PBXContainerItemProxy;
			containerPortal = 52240B8F2D24BC20001E0309 /* Project object */;
			proxyType = 1;
			remoteGlobalIDString = 52240B962D24BC20001E0309;
			remoteInfo = musicgeometry;
		};
		52240BBB2D24BC21001E0309 /* PBXContainerItemProxy */ = {
			isa = PBXContainerItemProxy;
			containerPortal = 52240B8F2D24BC20001E0309 /* Project object */;
			proxyType = 1;
			remoteGlobalIDString = 52240B962D24BC20001E0309;
			remoteInfo = musicgeometry;
		};
/* End PBXContainerItemProxy section */

/* Begin PBXFileReference section */
		52240B972D24BC20001E0309 /* musicgeometry.app */ = {isa = PBXFileReference; explicitFileType = wrapper.application; includeInIndex = 0; path = musicgeometry.app; sourceTree = BUILT_PRODUCTS_DIR; };
		52240BB02D24BC21001E0309 /* musicgeometryTests.xctest */ = {isa = PBXFileReference; explicitFileType = wrapper.cfbundle; includeInIndex = 0; path = musicgeometryTests.xctest; sourceTree = BUILT_PRODUCTS_DIR; };
		52240BBA2D24BC21001E0309 /* musicgeometryUITests.xctest */ = {isa = PBXFileReference; explicitFileType = wrapper.cfbundle; includeInIndex = 0; path = musicgeometryUITests.xctest; sourceTree = BUILT_PRODUCTS_DIR; };
/* End PBXFileReference section */

/* Begin PBXFileSystemSynchronizedBuildFileExceptionSet section */
		5244E3402D2A009900A88B46 /* Exceptions for "musicgeometry" folder in "musicgeometry" target */ = {
			isa = PBXFileSystemSynchronizedBuildFileExceptionSet;
			membershipExceptions = (
				Info.plist,
			);
			target = 52240B962D24BC20001E0309 /* musicgeometry */;
		};
/* End PBXFileSystemSynchronizedBuildFileExceptionSet section */

/* Begin PBXFileSystemSynchronizedRootGroup section */
		52240B992D24BC20001E0309 /* musicgeometry */ = {
			isa = PBXFileSystemSynchronizedRootGroup;
			exceptions = (
				5244E3402D2A009900A88B46 /* Exceptions for "musicgeometry" folder in "musicgeometry" target */,
			);
			path = musicgeometry;
			sourceTree = "<group>";
		};
		52240BB32D24BC21001E0309 /* musicgeometryTests */ = {
			isa = PBXFileSystemSynchronizedRootGroup;
			path = musicgeometryTests;
			sourceTree = "<group>";
		};
		52240BBD2D24BC21001E0309 /* musicgeometryUITests */ = {
			isa = PBXFileSystemSynchronizedRootGroup;
			path = musicgeometryUITests;
			sourceTree = "<group>";
		};
/* End PBXFileSystemSynchronizedRootGroup section */

/* Begin PBXFrameworksBuildPhase section */
		52240B942D24BC20001E0309 /* Frameworks */ = {
			isa = PBXFrameworksBuildPhase;
			buildActionMask = 2147483647;
			files = (
			);
			runOnlyForDeploymentPostprocessing = 0;
		};
		52240BAD2D24BC21001E0309 /* Frameworks */ = {
			isa = PBXFrameworksBuildPhase;
			buildActionMask = 2147483647;
			files = (
			);
			runOnlyForDeploymentPostprocessing = 0;
		};
		52240BB72D24BC21001E0309 /* Frameworks */ = {
			isa = PBXFrameworksBuildPhase;
			buildActionMask = 2147483647;
			files = (
			);
			runOnlyForDeploymentPostprocessing = 0;
		};
/* End PBXFrameworksBuildPhase section */

/* Begin PBXGroup section */
		52240B8E2D24BC20001E0309 = {
			isa = PBXGroup;
			children = (
				52240B992D24BC20001E0309 /* musicgeometry */,
				52240BB32D24BC21001E0309 /* musicgeometryTests */,
				52240BBD2D24BC21001E0309 /* musicgeometryUITests */,
				52240B982D24BC20001E0309 /* Products */,
			);
			sourceTree = "<group>";
		};
		52240B982D24BC20001E0309 /* Products */ = {
			isa = PBXGroup;
			children = (
				52240B972D24BC20001E0309 /* musicgeometry.app */,
				52240BB02D24BC21001E0309 /* musicgeometryTests.xctest */,
				52240BBA2D24BC21001E0309 /* musicgeometryUITests.xctest */,
			);
			name = Products;
			sourceTree = "<group>";
		};
/* End PBXGroup section */

/* Begin PBXNativeTarget section */
		52240B962D24BC20001E0309 /* musicgeometry */ = {
			isa = PBXNativeTarget;
			buildConfigurationList = 52240BC42D24BC21001E0309 /* Build configuration list for PBXNativeTarget "musicgeometry" */;
			buildPhases = (
				52240B932D24BC20001E0309 /* Sources */,
				52240B942D24BC20001E0309 /* Frameworks */,
				52240B952D24BC20001E0309 /* Resources */,
			);
			buildRules = (
			);
			dependencies = (
			);
			fileSystemSynchronizedGroups = (
				52240B992D24BC20001E0309 /* musicgeometry */,
			);
			name = musicgeometry;
			packageProductDependencies = (
			);
			productName = musicgeometry;
			productReference = 52240B972D24BC20001E0309 /* musicgeometry.app */;
			productType = "com.apple.product-type.application";
		};
		52240BAF2D24BC21001E0309 /* musicgeometryTests */ = {
			isa = PBXNativeTarget;
			buildConfigurationList = 52240BC72D24BC21001E0309 /* Build configuration list for PBXNativeTarget "musicgeometryTests" */;
			buildPhases = (
				52240BAC2D24BC21001E0309 /* Sources */,
				52240BAD2D24BC21001E0309 /* Frameworks */,
				52240BAE2D24BC21001E0309 /* Resources */,
			);
			buildRules = (
			);
			dependencies = (
				52240BB22D24BC21001E0309 /* PBXTargetDependency */,
			);
			fileSystemSynchronizedGroups = (
				52240BB32D24BC21001E0309 /* musicgeometryTests */,
			);
			name = musicgeometryTests;
			packageProductDependencies = (
			);
			productName = musicgeometryTests;
			productReference = 52240BB02D24BC21001E0309 /* musicgeometryTests.xctest */;
			productType = "com.apple.product-type.bundle.unit-test";
		};
		52240BB92D24BC21001E0309 /* musicgeometryUITests */ = {
			isa = PBXNativeTarget;
			buildConfigurationList = 52240BCA2D24BC21001E0309 /* Build configuration list for PBXNativeTarget "musicgeometryUITests" */;
			buildPhases = (
				52240BB62D24BC21001E0309 /* Sources */,
				52240BB72D24BC21001E0309 /* Frameworks */,
				52240BB82D24BC21001E0309 /* Resources */,
			);
			buildRules = (
			);
			dependencies = (
				52240BBC2D24BC21001E0309 /* PBXTargetDependency */,
			);
			fileSystemSynchronizedGroups = (
				52240BBD2D24BC21001E0309 /* musicgeometryUITests */,
			);
			name = musicgeometryUITests;
			packageProductDependencies = (
			);
			productName = musicgeometryUITests;
			productReference = 52240BBA2D24BC21001E0309 /* musicgeometryUITests.xctest */;
			productType = "com.apple.product-type.bundle.ui-testing";
		};
/* End PBXNativeTarget section */

/* Begin PBXProject section */
		52240B8F2D24BC20001E0309 /* Project object */ = {
			isa = PBXProject;
			attributes = {
				BuildIndependentTargetsInParallel = 1;
				LastSwiftUpdateCheck = 1620;
				LastUpgradeCheck = 1620;
				TargetAttributes = {
					52240B962D24BC20001E0309 = {
						CreatedOnToolsVersion = 16.2;
					};
					52240BAF2D24BC21001E0309 = {
						CreatedOnToolsVersion = 16.2;
						TestTargetID = 52240B962D24BC20001E0309;
					};
					52240BB92D24BC21001E0309 = {
						CreatedOnToolsVersion = 16.2;
						TestTargetID = 52240B962D24BC20001E0309;
					};
				};
			};
			buildConfigurationList = 52240B922D24BC20001E0309 /* Build configuration list for PBXProject "musicgeometry" */;
			developmentRegion = en;
			hasScannedForEncodings = 0;
			knownRegions = (
				en,
				Base,
			);
			mainGroup = 52240B8E2D24BC20001E0309;
			minimizedProjectReferenceProxies = 1;
			preferredProjectObjectVersion = 77;
			productRefGroup = 52240B982D24BC20001E0309 /* Products */;
			projectDirPath = "";
			projectRoot = "";
			targets = (
				52240B962D24BC20001E0309 /* musicgeometry */,
				52240BAF2D24BC21001E0309 /* musicgeometryTests */,
				52240BB92D24BC21001E0309 /* musicgeometryUITests */,
			);
		};
/* End PBXProject section */

/* Begin PBXResourcesBuildPhase section */
		52240B952D24BC20001E0309 /* Resources */ = {
			isa = PBXResourcesBuildPhase;
			buildActionMask = 2147483647;
			files = (
			);
			runOnlyForDeploymentPostprocessing = 0;
		};
		52240BAE2D24BC21001E0309 /* Resources */ = {
			isa = PBXResourcesBuildPhase;
			buildActionMask = 2147483647;
			files = (
			);
			runOnlyForDeploymentPostprocessing = 0;
		};
		52240BB82D24BC21001E0309 /* Resources */ = {
			isa = PBXResourcesBuildPhase;
			buildActionMask = 2147483647;
			files = (
			);
			runOnlyForDeploymentPostprocessing = 0;
		};
/* End PBXResourcesBuildPhase section */

/* Begin PBXSourcesBuildPhase section */
		52240B932D24BC20001E0309 /* Sources */ = {
			isa = PBXSourcesBuildPhase;
			buildActionMask = 2147483647;
			files = (
			);
			runOnlyForDeploymentPostprocessing = 0;
		};
		52240BAC2D24BC21001E0309 /* Sources */ = {
			isa = PBXSourcesBuildPhase;
			buildActionMask = 2147483647;
			files = (
			);
			runOnlyForDeploymentPostprocessing = 0;
		};
		52240BB62D24BC21001E0309 /* Sources */ = {
			isa = PBXSourcesBuildPhase;
			buildActionMask = 2147483647;
			files = (
			);
			runOnlyForDeploymentPostprocessing = 0;
		};
/* End PBXSourcesBuildPhase section */

/* Begin PBXTargetDependency section */
		52240BB22D24BC21001E0309 /* PBXTargetDependency */ = {
			isa = PBXTargetDependency;
			target = 52240B962D24BC20001E0309 /* musicgeometry */;
			targetProxy = 52240BB12D24BC21001E0309 /* PBXContainerItemProxy */;
		};
		52240BBC2D24BC21001E0309 /* PBXTargetDependency */ = {
			isa = PBXTargetDependency;
			target = 52240B962D24BC20001E0309 /* musicgeometry */;
			targetProxy = 52240BBB2D24BC21001E0309 /* PBXContainerItemProxy */;
		};
/* End PBXTargetDependency section */

/* Begin XCBuildConfiguration section */
		52240BC22D24BC21001E0309 /* Debug */ = {
			isa = XCBuildConfiguration;
			buildSettings = {
				ALWAYS_SEARCH_USER_PATHS = NO;
				ASSETCATALOG_COMPILER_GENERATE_SWIFT_ASSET_SYMBOL_EXTENSIONS = YES;
				CLANG_ANALYZER_NONNULL = YES;
				CLANG_ANALYZER_NUMBER_OBJECT_CONVERSION = YES_AGGRESSIVE;
				CLANG_CXX_LANGUAGE_STANDARD = "gnu++20";
				CLANG_ENABLE_MODULES = YES;
				CLANG_ENABLE_OBJC_ARC = YES;
				CLANG_ENABLE_OBJC_WEAK = YES;
				CLANG_WARN_BLOCK_CAPTURE_AUTORELEASING = YES;
				CLANG_WARN_BOOL_CONVERSION = YES;
				CLANG_WARN_COMMA = YES;
				CLANG_WARN_CONSTANT_CONVERSION = YES;
				CLANG_WARN_DEPRECATED_OBJC_IMPLEMENTATIONS = YES;
				CLANG_WARN_DIRECT_OBJC_ISA_USAGE = YES_ERROR;
				CLANG_WARN_DOCUMENTATION_COMMENTS = YES;
				CLANG_WARN_EMPTY_BODY = YES;
				CLANG_WARN_ENUM_CONVERSION = YES;
				CLANG_WARN_INFINITE_RECURSION = YES;
				CLANG_WARN_INT_CONVERSION = YES;
				CLANG_WARN_NON_LITERAL_NULL_CONVERSION = YES;
				CLANG_WARN_OBJC_IMPLICIT_RETAIN_SELF = YES;
				CLANG_WARN_OBJC_LITERAL_CONVERSION = YES;
				CLANG_WARN_OBJC_ROOT_CLASS = YES_ERROR;
				CLANG_WARN_QUOTED_INCLUDE_IN_FRAMEWORK_HEADER = YES;
				CLANG_WARN_RANGE_LOOP_ANALYSIS = YES;
				CLANG_WARN_STRICT_PROTOTYPES = YES;
				CLANG_WARN_SUSPICIOUS_MOVE = YES;
				CLANG_WARN_UNGUARDED_AVAILABILITY = YES_AGGRESSIVE;
				CLANG_WARN_UNREACHABLE_CODE = YES;
				CLANG_WARN__DUPLICATE_METHOD_MATCH = YES;
				COPY_PHASE_STRIP = NO;
				DEBUG_INFORMATION_FORMAT = dwarf;
				ENABLE_STRICT_OBJC_MSGSEND = YES;
				ENABLE_TESTABILITY = YES;
				ENABLE_USER_SCRIPT_SANDBOXING = YES;
				GCC_C_LANGUAGE_STANDARD = gnu17;
				GCC_DYNAMIC_NO_PIC = NO;
				GCC_NO_COMMON_BLOCKS = YES;
				GCC_OPTIMIZATION_LEVEL = 0;
				GCC_PREPROCESSOR_DEFINITIONS = (
					"DEBUG=1",
					"$(inherited)",
				);
				GCC_WARN_64_TO_32_BIT_CONVERSION = YES;
				GCC_WARN_ABOUT_RETURN_TYPE = YES_ERROR;
				GCC_WARN_UNDECLARED_SELECTOR = YES;
				GCC_WARN_UNINITIALIZED_AUTOS = YES_AGGRESSIVE;
				GCC_WARN_UNUSED_FUNCTION = YES;
				GCC_WARN_UNUSED_VARIABLE = YES;
				IPHONEOS_DEPLOYMENT_TARGET = 18.2;
				LOCALIZATION_PREFERS_STRING_CATALOGS = YES;
				MTL_ENABLE_DEBUG_INFO = INCLUDE_SOURCE;
				MTL_FAST_MATH = YES;
				ONLY_ACTIVE_ARCH = YES;
				SDKROOT = iphoneos;
				SWIFT_ACTIVE_COMPILATION_CONDITIONS = "DEBUG $(inherited)";
				SWIFT_OPTIMIZATION_LEVEL = "-Onone";
			};
			name = Debug;
		};
		52240BC32D24BC21001E0309 /* Release */ = {
			isa = XCBuildConfiguration;
			buildSettings = {
				ALWAYS_SEARCH_USER_PATHS = NO;
				ASSETCATALOG_COMPILER_GENERATE_SWIFT_ASSET_SYMBOL_EXTENSIONS = YES;
				CLANG_ANALYZER_NONNULL = YES;
				CLANG_ANALYZER_NUMBER_OBJECT_CONVERSION = YES_AGGRESSIVE;
				CLANG_CXX_LANGUAGE_STANDARD = "gnu++20";
				CLANG_ENABLE_MODULES = YES;
				CLANG_ENABLE_OBJC_ARC = YES;
				CLANG_ENABLE_OBJC_WEAK = YES;
				CLANG_WARN_BLOCK_CAPTURE_AUTORELEASING = YES;
				CLANG_WARN_BOOL_CONVERSION = YES;
				CLANG_WARN_COMMA = YES;
				CLANG_WARN_CONSTANT_CONVERSION = YES;
				CLANG_WARN_DEPRECATED_OBJC_IMPLEMENTATIONS = YES;
				CLANG_WARN_DIRECT_OBJC_ISA_USAGE = YES_ERROR;
				CLANG_WARN_DOCUMENTATION_COMMENTS = YES;
				CLANG_WARN_EMPTY_BODY = YES;
				CLANG_WARN_ENUM_CONVERSION = YES;
				CLANG_WARN_INFINITE_RECURSION = YES;
				CLANG_WARN_INT_CONVERSION = YES;
				CLANG_WARN_NON_LITERAL_NULL_CONVERSION = YES;
				CLANG_WARN_OBJC_IMPLICIT_RETAIN_SELF = YES;
				CLANG_WARN_OBJC_LITERAL_CONVERSION = YES;
				CLANG_WARN_OBJC_ROOT_CLASS = YES_ERROR;
				CLANG_WARN_QUOTED_INCLUDE_IN_FRAMEWORK_HEADER = YES;
				CLANG_WARN_RANGE_LOOP_ANALYSIS = YES;
				CLANG_WARN_STRICT_PROTOTYPES = YES;
				CLANG_WARN_SUSPICIOUS_MOVE = YES;
				CLANG_WARN_UNGUARDED_AVAILABILITY = YES_AGGRESSIVE;
				CLANG_WARN_UNREACHABLE_CODE = YES;
				CLANG_WARN__DUPLICATE_METHOD_MATCH = YES;
				COPY_PHASE_STRIP = NO;
				DEBUG_INFORMATION_FORMAT = "dwarf-with-dsym";
				ENABLE_NS_ASSERTIONS = NO;
				ENABLE_STRICT_OBJC_MSGSEND = YES;
				ENABLE_USER_SCRIPT_SANDBOXING = YES;
				GCC_C_LANGUAGE_STANDARD = gnu17;
				GCC_NO_COMMON_BLOCKS = YES;
				GCC_WARN_64_TO_32_BIT_CONVERSION = YES;
				GCC_WARN_ABOUT_RETURN_TYPE = YES_ERROR;
				GCC_WARN_UNDECLARED_SELECTOR = YES;
				GCC_WARN_UNINITIALIZED_AUTOS = YES_AGGRESSIVE;
				GCC_WARN_UNUSED_FUNCTION = YES;
				GCC_WARN_UNUSED_VARIABLE = YES;
				IPHONEOS_DEPLOYMENT_TARGET = 18.2;
				LOCALIZATION_PREFERS_STRING_CATALOGS = YES;
				MTL_ENABLE_DEBUG_INFO = NO;
				MTL_FAST_MATH = YES;
				SDKROOT = iphoneos;
				SWIFT_COMPILATION_MODE = wholemodule;
				VALIDATE_PRODUCT = YES;
			};
			name = Release;
		};
		52240BC52D24BC21001E0309 /* Debug */ = {
			isa = XCBuildConfiguration;
			buildSettings = {
				ASSETCATALOG_COMPILER_APPICON_NAME = AppIcon;
				ASSETCATALOG_COMPILER_GLOBAL_ACCENT_COLOR_NAME = AccentColor;
				CODE_SIGN_STYLE = Automatic;
				CURRENT_PROJECT_VERSION = 1;
				DEVELOPMENT_TEAM = SX76ATCXZG;
				GENERATE_INFOPLIST_FILE = YES;
				INFOPLIST_FILE = musicgeometry/Info.plist;
				INFOPLIST_KEY_UIApplicationSupportsIndirectInputEvents = YES;
				INFOPLIST_KEY_UILaunchStoryboardName = LaunchScreen;
				INFOPLIST_KEY_UIMainStoryboardFile = Main;
				INFOPLIST_KEY_UIStatusBarHidden = YES;
				INFOPLIST_KEY_UISupportedInterfaceOrientations = "UIInterfaceOrientationLandscapeLeft UIInterfaceOrientationLandscapeRight UIInterfaceOrientationPortrait";
				IPHONEOS_DEPLOYMENT_TARGET = 16.4;
				LD_RUNPATH_SEARCH_PATHS = (
					"$(inherited)",
					"@executable_path/Frameworks",
				);
				MARKETING_VERSION = 1.0;
				PRODUCT_BUNDLE_IDENTIFIER = com.johnjfowler.musicgeometry;
				PRODUCT_NAME = "$(TARGET_NAME)";
				SWIFT_EMIT_LOC_STRINGS = YES;
				SWIFT_VERSION = 5.0;
				TARGETED_DEVICE_FAMILY = "1,2";
			};
			name = Debug;
		};
		52240BC62D24BC21001E0309 /* Release */ = {
			isa = XCBuildConfiguration;
			buildSettings = {
				ASSETCATALOG_COMPILER_APPICON_NAME = AppIcon;
				ASSETCATALOG_COMPILER_GLOBAL_ACCENT_COLOR_NAME = AccentColor;
				CODE_SIGN_STYLE = Automatic;
				CURRENT_PROJECT_VERSION = 1;
				DEVELOPMENT_TEAM = SX76ATCXZG;
				GENERATE_INFOPLIST_FILE = YES;
				INFOPLIST_FILE = musicgeometry/Info.plist;
				INFOPLIST_KEY_UIApplicationSupportsIndirectInputEvents = YES;
				INFOPLIST_KEY_UILaunchStoryboardName = LaunchScreen;
				INFOPLIST_KEY_UIMainStoryboardFile = Main;
				INFOPLIST_KEY_UIStatusBarHidden = YES;
				INFOPLIST_KEY_UISupportedInterfaceOrientations = "UIInterfaceOrientationLandscapeLeft UIInterfaceOrientationLandscapeRight UIInterfaceOrientationPortrait";
				IPHONEOS_DEPLOYMENT_TARGET = 16.4;
				LD_RUNPATH_SEARCH_PATHS = (
					"$(inherited)",
					"@executable_path/Frameworks",
				);
				MARKETING_VERSION = 1.0;
				PRODUCT_BUNDLE_IDENTIFIER = com.johnjfowler.musicgeometry;
				PRODUCT_NAME = "$(TARGET_NAME)";
				SWIFT_EMIT_LOC_STRINGS = YES;
				SWIFT_VERSION = 5.0;
				TARGETED_DEVICE_FAMILY = "1,2";
			};
			name = Release;
		};
		52240BC82D24BC21001E0309 /* Debug */ = {
			isa = XCBuildConfiguration;
			buildSettings = {
				BUNDLE_LOADER = "$(TEST_HOST)";
				CODE_SIGN_STYLE = Automatic;
				CURRENT_PROJECT_VERSION = 1;
				DEVELOPMENT_TEAM = SX76ATCXZG;
				GENERATE_INFOPLIST_FILE = YES;
				IPHONEOS_DEPLOYMENT_TARGET = 18.2;
				MARKETING_VERSION = 1.0;
				PRODUCT_BUNDLE_IDENTIFIER = com.johnjfowler.musicgeometryTests;
				PRODUCT_NAME = "$(TARGET_NAME)";
				SWIFT_EMIT_LOC_STRINGS = NO;
				SWIFT_VERSION = 5.0;
				TARGETED_DEVICE_FAMILY = "1,2";
				TEST_HOST = "$(BUILT_PRODUCTS_DIR)/musicgeometry.app/$(BUNDLE_EXECUTABLE_FOLDER_PATH)/musicgeometry";
			};
			name = Debug;
		};
		52240BC92D24BC21001E0309 /* Release */ = {
			isa = XCBuildConfiguration;
			buildSettings = {
				BUNDLE_LOADER = "$(TEST_HOST)";
				CODE_SIGN_STYLE = Automatic;
				CURRENT_PROJECT_VERSION = 1;
				DEVELOPMENT_TEAM = SX76ATCXZG;
				GENERATE_INFOPLIST_FILE = YES;
				IPHONEOS_DEPLOYMENT_TARGET = 18.2;
				MARKETING_VERSION = 1.0;
				PRODUCT_BUNDLE_IDENTIFIER = com.johnjfowler.musicgeometryTests;
				PRODUCT_NAME = "$(TARGET_NAME)";
				SWIFT_EMIT_LOC_STRINGS = NO;
				SWIFT_VERSION = 5.0;
				TARGETED_DEVICE_FAMILY = "1,2";
				TEST_HOST = "$(BUILT_PRODUCTS_DIR)/musicgeometry.app/$(BUNDLE_EXECUTABLE_FOLDER_PATH)/musicgeometry";
			};
			name = Release;
		};
		52240BCB2D24BC21001E0309 /* Debug */ = {
			isa = XCBuildConfiguration;
			buildSettings = {
				CODE_SIGN_STYLE = Automatic;
				CURRENT_PROJECT_VERSION = 1;
				DEVELOPMENT_TEAM = SX76ATCXZG;
				GENERATE_INFOPLIST_FILE = YES;
				MARKETING_VERSION = 1.0;
				PRODUCT_BUNDLE_IDENTIFIER = com.johnjfowler.musicgeometryUITests;
				PRODUCT_NAME = "$(TARGET_NAME)";
				SWIFT_EMIT_LOC_STRINGS = NO;
				SWIFT_VERSION = 5.0;
				TARGETED_DEVICE_FAMILY = "1,2";
				TEST_TARGET_NAME = musicgeometry;
			};
			name = Debug;
		};
		52240BCC2D24BC21001E0309 /* Release */ = {
			isa = XCBuildConfiguration;
			buildSettings = {
				CODE_SIGN_STYLE = Automatic;
				CURRENT_PROJECT_VERSION = 1;
				DEVELOPMENT_TEAM = SX76ATCXZG;
				GENERATE_INFOPLIST_FILE = YES;
				MARKETING_VERSION = 1.0;
				PRODUCT_BUNDLE_IDENTIFIER = com.johnjfowler.musicgeometryUITests;
				PRODUCT_NAME = "$(TARGET_NAME)";
				SWIFT_EMIT_LOC_STRINGS = NO;
				SWIFT_VERSION = 5.0;
				TARGETED_DEVICE_FAMILY = "1,2";
				TEST_TARGET_NAME = musicgeometry;
			};
			name = Release;
		};
/* End XCBuildConfiguration section */

/* Begin XCConfigurationList section */
		52240B922D24BC20001E0309 /* Build configuration list for PBXProject "musicgeometry" */ = {
			isa = XCConfigurationList;
			buildConfigurations = (
				52240BC22D24BC21001E0309 /* Debug */,
				52240BC32D24BC21001E0309 /* Release */,
			);
			defaultConfigurationIsVisible = 0;
			defaultConfigurationName = Release;
		};
		52240BC42D24BC21001E0309 /* Build configuration list for PBXNativeTarget "musicgeometry" */ = {
			isa = XCConfigurationList;
			buildConfigurations = (
				52240BC52D24BC21001E0309 /* Debug */,
				52240BC62D24BC21001E0309 /* Release */,
			);
			defaultConfigurationIsVisible = 0;
			defaultConfigurationName = Release;
		};
		52240BC72D24BC21001E0309 /* Build configuration list for PBXNativeTarget "musicgeometryTests" */ = {
			isa = XCConfigurationList;
			buildConfigurations = (
				52240BC82D24BC21001E0309 /* Debug */,
				52240BC92D24BC21001E0309 /* Release */,
			);
			defaultConfigurationIsVisible = 0;
			defaultConfigurationName = Release;
		};
		52240BCA2D24BC21001E0309 /* Build configuration list for PBXNativeTarget "musicgeometryUITests" */ = {
			isa = XCConfigurationList;
			buildConfigurations = (
				52240BCB2D24BC21001E0309 /* Debug */,
				52240BCC2D24BC21001E0309 /* Release */,
			);
			defaultConfigurationIsVisible = 0;
			defaultConfigurationName = Release;
		};
/* End XCConfigurationList section */
	};
	rootObject = 52240B8F2D24BC20001E0309 /* Project object */;
}
